# THIS IS AN AUTOGENERATED FILE. DO NOT EDIT THIS FILE DIRECTLY.
# yarn lockfile v1


"@types/core-js@^0.9.46":
  version "0.9.46"
  resolved "https://registry.yarnpkg.com/@types/core-js/-/core-js-0.9.46.tgz#ea701ee34cbb6dfe6d100f1530319547c93c8d79"

"@types/events@*":
  version "1.2.0"
  resolved "https://registry.yarnpkg.com/@types/events/-/events-1.2.0.tgz#81a6731ce4df43619e5c8c945383b3e62a89ea86"

"@types/node@*":
  version "10.0.0"
  resolved "https://registry.yarnpkg.com/@types/node/-/node-10.0.0.tgz#c40f8e07dce607d3ef25a626b93a6a7cdcf97881"

"@types/node@^9.6.7":
  version "9.6.7"
  resolved "https://registry.yarnpkg.com/@types/node/-/node-9.6.7.tgz#5f3816d1db2155edcde1b2e3aa5d0e5c520cb564"

"@types/nodemailer@^4.6.0":
  version "4.6.0"
  resolved "https://registry.yarnpkg.com/@types/nodemailer/-/nodemailer-4.6.0.tgz#542ecb5fff91cd3d841fc67cace0527649030462"
  dependencies:
    "@types/events" "*"
    "@types/node" "*"

nodemailer@^4.6.4:
  version "4.6.4"
  resolved "https://registry.yarnpkg.com/nodemailer/-/nodemailer-4.6.4.tgz#f0d72d0c6a6ec5f4369fa8f4bf5127a31baa2014"
